
Microsoft Visual Studio Solution File, Format Version 12.00
# Visual Studio Version 16
VisualStudioVersion = 16.0.31613.86
MinimumVisualStudioVersion = 10.0.40219.1
Project("{FAE04EC0-301F-11D3-BF4B-00C04F79EFBC}") = "Dop_3010", "Dop_3010.csproj", "{8D145B0D-260A-4E22-9AB4-1F25BB93E528}"
EndProject
Project("{FAE04EC0-301F-11D3-BF4B-00C04F79EFBC}") = "Met_3010", "..\Met_3010\Met_3010.csproj", "{16807250-F58F-44EA-AE2A-BD1B3F42EC90}"
EndProject
Global
	GlobalSection(SolutionConfigurationPlatforms) = preSolution
		Debug|Any CPU = Debug|Any CPU
		Release|Any CPU = Release|Any CPU
	EndGlobalSection
	GlobalSection(ProjectConfigurationPlatforms) = postSolution
		{8D145B0D-260A-4E22-9AB4-1F25BB93E528}.Debug|Any CPU.ActiveCfg = Debug|Any CPU
		{8D145B0D-260A-4E22-9AB4-1F25BB93E528}.Debug|Any CPU.Build.0 = Debug|Any CPU
		{8D145B0D-260A-4E22-9AB4-1F25BB93E528}.Release|Any CPU.ActiveCfg = Release|Any CPU
		{8D145B0D-260A-4E22-9AB4-1F25BB93E528}.Release|Any CPU.Build.0 = Release|Any CPU
		{16807250-F58F-44EA-AE2A-BD1B3F42EC90}.Debug|Any CPU.ActiveCfg = Debug|Any CPU
		{16807250-F58F-44EA-AE2A-BD1B3F42EC90}.Debug|Any CPU.Build.0 = Debug|Any CPU
		{16807250-F58F-44EA-AE2A-BD1B3F42EC90}.Release|Any CPU.ActiveCfg = Release|Any CPU
		{16807250-F58F-44EA-AE2A-BD1B3F42EC90}.Release|Any CPU.Build.0 = Release|Any CPU
	EndGlobalSection
	GlobalSection(SolutionProperties) = preSolution
		HideSolutionNode = FALSE
	EndGlobalSection
	GlobalSection(ExtensibilityGlobals) = postSolution
		SolutionGuid = {081E0597-2506-4C80-8F46-ECEE1E66074D}
	EndGlobalSection
EndGlobal
